
Microsoft Visual Studio Solution File, Format Version 12.00
# Visual Studio Version 16
VisualStudioVersion = 16.0.29709.97
MinimumVisualStudioVersion = 10.0.40219.1
Project("{FAE04EC0-301F-11D3-BF4B-00C04F79EFBC}") = "Lab01_App_TarefasAdoNet", "Lab01_App_TarefasAdoNet\Lab01_App_TarefasAdoNet.csproj", "{8E7E01CF-A7F1-47B6-AC7E-54995FE7AFCD}"
EndProject
Project("{FAE04EC0-301F-11D3-BF4B-00C04F79EFBC}") = "Lab01_App_TarefasAdoNet.AdoNet.Business", "Lab01_App_TarefasAdoNet.AdoNet.Business\Lab01_App_TarefasAdoNet.AdoNet.Business.csproj", "{C9144D55-30C1-4585-A0B9-5215E3F71469}"
EndProject
Project("{FAE04EC0-301F-11D3-BF4B-00C04F79EFBC}") = "Lab01_App_TarefasAdoNet.Data", "Lab01_App_TarefasAdoNet.Data\Lab01_App_TarefasAdoNet.Data.csproj", "{F45529C7-8FD4-4529-9B08-7B70CB961C25}"
EndProject
Project("{FAE04EC0-301F-11D3-BF4B-00C04F79EFBC}") = "Lab01_App_TarefasAdoNet.Model", "Lab01_App_TarefasAdoNet.Model\Lab01_App_TarefasAdoNet.Model.csproj", "{71957D31-9487-43BF-8250-27DFEBB86CE8}"
EndProject
Global
	GlobalSection(SolutionConfigurationPlatforms) = preSolution
		Debug|Any CPU = Debug|Any CPU
		Release|Any CPU = Release|Any CPU
	EndGlobalSection
	GlobalSection(ProjectConfigurationPlatforms) = postSolution
		{8E7E01CF-A7F1-47B6-AC7E-54995FE7AFCD}.Debug|Any CPU.ActiveCfg = Debug|Any CPU
		{8E7E01CF-A7F1-47B6-AC7E-54995FE7AFCD}.Debug|Any CPU.Build.0 = Debug|Any CPU
		{8E7E01CF-A7F1-47B6-AC7E-54995FE7AFCD}.Release|Any CPU.ActiveCfg = Release|Any CPU
		{8E7E01CF-A7F1-47B6-AC7E-54995FE7AFCD}.Release|Any CPU.Build.0 = Release|Any CPU
		{C9144D55-30C1-4585-A0B9-5215E3F71469}.Debug|Any CPU.ActiveCfg = Debug|Any CPU
		{C9144D55-30C1-4585-A0B9-5215E3F71469}.Debug|Any CPU.Build.0 = Debug|Any CPU
		{C9144D55-30C1-4585-A0B9-5215E3F71469}.Release|Any CPU.ActiveCfg = Release|Any CPU
		{C9144D55-30C1-4585-A0B9-5215E3F71469}.Release|Any CPU.Build.0 = Release|Any CPU
		{F45529C7-8FD4-4529-9B08-7B70CB961C25}.Debug|Any CPU.ActiveCfg = Debug|Any CPU
		{F45529C7-8FD4-4529-9B08-7B70CB961C25}.Debug|Any CPU.Build.0 = Debug|Any CPU
		{F45529C7-8FD4-4529-9B08-7B70CB961C25}.Release|Any CPU.ActiveCfg = Release|Any CPU
		{F45529C7-8FD4-4529-9B08-7B70CB961C25}.Release|Any CPU.Build.0 = Release|Any CPU
		{71957D31-9487-43BF-8250-27DFEBB86CE8}.Debug|Any CPU.ActiveCfg = Debug|Any CPU
		{71957D31-9487-43BF-8250-27DFEBB86CE8}.Debug|Any CPU.Build.0 = Debug|Any CPU
		{71957D31-9487-43BF-8250-27DFEBB86CE8}.Release|Any CPU.ActiveCfg = Release|Any CPU
		{71957D31-9487-43BF-8250-27DFEBB86CE8}.Release|Any CPU.Build.0 = Release|Any CPU
	EndGlobalSection
	GlobalSection(SolutionProperties) = preSolution
		HideSolutionNode = FALSE
	EndGlobalSection
	GlobalSection(ExtensibilityGlobals) = postSolution
		SolutionGuid = {BB4C7066-DFB4-46A9-B2CF-0F1F14EBD398}
	EndGlobalSection
EndGlobal
