
Microsoft Visual Studio Solution File, Format Version 12.00
# Visual Studio 15
VisualStudioVersion = 15.0.27703.2047
MinimumVisualStudioVersion = 10.0.40219.1
Project("{FAE04EC0-301F-11D3-BF4B-00C04F79EFBC}") = "MVC.CAP2.Lab01", "MVC.CAP2.Lab01\MVC.CAP2.Lab01.csproj", "{70C5C664-9E9D-45CA-A673-1C919C71689B}"
EndProject
Global
	GlobalSection(SolutionConfigurationPlatforms) = preSolution
		Debug|Any CPU = Debug|Any CPU
		Release|Any CPU = Release|Any CPU
	EndGlobalSection
	GlobalSection(ProjectConfigurationPlatforms) = postSolution
		{70C5C664-9E9D-45CA-A673-1C919C71689B}.Debug|Any CPU.ActiveCfg = Debug|Any CPU
		{70C5C664-9E9D-45CA-A673-1C919C71689B}.Debug|Any CPU.Build.0 = Debug|Any CPU
		{70C5C664-9E9D-45CA-A673-1C919C71689B}.Release|Any CPU.ActiveCfg = Release|Any CPU
		{70C5C664-9E9D-45CA-A673-1C919C71689B}.Release|Any CPU.Build.0 = Release|Any CPU
	EndGlobalSection
	GlobalSection(SolutionProperties) = preSolution
		HideSolutionNode = FALSE
	EndGlobalSection
	GlobalSection(ExtensibilityGlobals) = postSolution
		SolutionGuid = {D5EFAE92-3E21-40D0-8F5E-445F3C8EFA3B}
	EndGlobalSection
EndGlobal
