
Microsoft Visual Studio Solution File, Format Version 12.00
# Visual Studio 15
VisualStudioVersion = 15.0.27703.2047
MinimumVisualStudioVersion = 10.0.40219.1
Project("{FAE04EC0-301F-11D3-BF4B-00C04F79EFBC}") = "Cap05_Lab1_Pag470", "Cap05_Lab1_Pag470\Cap05_Lab1_Pag470.csproj", "{FFB1AC24-69FB-40D1-AAFE-D90EA35D81CC}"
EndProject
Global
	GlobalSection(SolutionConfigurationPlatforms) = preSolution
		Debug|Any CPU = Debug|Any CPU
		Release|Any CPU = Release|Any CPU
	EndGlobalSection
	GlobalSection(ProjectConfigurationPlatforms) = postSolution
		{FFB1AC24-69FB-40D1-AAFE-D90EA35D81CC}.Debug|Any CPU.ActiveCfg = Debug|Any CPU
		{FFB1AC24-69FB-40D1-AAFE-D90EA35D81CC}.Debug|Any CPU.Build.0 = Debug|Any CPU
		{FFB1AC24-69FB-40D1-AAFE-D90EA35D81CC}.Release|Any CPU.ActiveCfg = Release|Any CPU
		{FFB1AC24-69FB-40D1-AAFE-D90EA35D81CC}.Release|Any CPU.Build.0 = Release|Any CPU
	EndGlobalSection
	GlobalSection(SolutionProperties) = preSolution
		HideSolutionNode = FALSE
	EndGlobalSection
	GlobalSection(ExtensibilityGlobals) = postSolution
		SolutionGuid = {3BD23166-8730-4167-8C98-82C6526448CF}
	EndGlobalSection
EndGlobal
